// !$*UTF8*$!
{
	archiveVersion = 1;
	classes = {
	};
	objectVersion = 55;
	objects = {

/* Begin PBXBuildFile section */
		5D5474C828D31CD000F80C1E /* UIViewAndShimmering.swift in Sources */ = {isa = PBXBuildFile; fileRef = 5D5474C728D31CD000F80C1E /* UIViewAndShimmering.swift */; };
		5D5474CB28D34BA800F80C1E /* MovieList.swift in Sources */ = {isa = PBXBuildFile; fileRef = 5D5474CA28D34BA800F80C1E /* MovieList.swift */; };
		5D57064928EC777E00205839 /* Movie_App_Group_7Tests.swift in Sources */ = {isa = PBXBuildFile; fileRef = 5D57064828EC777E00205839 /* Movie_App_Group_7Tests.swift */; };
		5D5A5B6E28C8618700CFC1FA /* Kingfisher in Frameworks */ = {isa = PBXBuildFile; productRef = 5D5A5B6D28C8618700CFC1FA /* Kingfisher */; };
		5D5A5B7228C868C700CFC1FA /* kfMovieList.swift in Sources */ = {isa = PBXBuildFile; fileRef = 5D5A5B7128C868C700CFC1FA /* kfMovieList.swift */; };
		5D5E702528F14DC40018A9CC /* MovieLoader.swift in Sources */ = {isa = PBXBuildFile; fileRef = 5D5E702428F14DC40018A9CC /* MovieLoader.swift */; };
		5D5E702728F163A10018A9CC /* AuthSingleton.swift in Sources */ = {isa = PBXBuildFile; fileRef = 5D5E702628F163A10018A9CC /* AuthSingleton.swift */; };
		6BBBE80C28BE5CCC00A1B81E /* MovieListViewController.swift in Sources */ = {isa = PBXBuildFile; fileRef = 6BBBE80B28BE5CCB00A1B81E /* MovieListViewController.swift */; };
		6BC14DC628B866DC00BCB9D1 /* MovieDetails.xib in Resources */ = {isa = PBXBuildFile; fileRef = 6BC14DC528B866DB00BCB9D1 /* MovieDetails.xib */; };
		6BC14DCC28B8919900BCB9D1 /* LoginController.swift in Sources */ = {isa = PBXBuildFile; fileRef = 6BC14DCB28B8919900BCB9D1 /* LoginController.swift */; };
		6BC14DD328B8A76300BCB9D1 /* ProfilePageController.swift in Sources */ = {isa = PBXBuildFile; fileRef = 6BC14DD228B8A76200BCB9D1 /* ProfilePageController.swift */; };
		6BEEA57E28B8E17A00ACAE4E /* MovieListCell.swift in Sources */ = {isa = PBXBuildFile; fileRef = 6BEEA57C28B8E17900ACAE4E /* MovieListCell.swift */; };
		6BEEA57F28B8E17A00ACAE4E /* MovieListCell.xib in Resources */ = {isa = PBXBuildFile; fileRef = 6BEEA57D28B8E17A00ACAE4E /* MovieListCell.xib */; };
		6BEEA58128B9108C00ACAE4E /* MovieDetails.swift in Sources */ = {isa = PBXBuildFile; fileRef = 6BEEA58028B9108B00ACAE4E /* MovieDetails.swift */; };
		BF20611E28B1194E00F0915C /* AppDelegate.swift in Sources */ = {isa = PBXBuildFile; fileRef = BF20611D28B1194E00F0915C /* AppDelegate.swift */; };
		BF20612028B1194E00F0915C /* SceneDelegate.swift in Sources */ = {isa = PBXBuildFile; fileRef = BF20611F28B1194E00F0915C /* SceneDelegate.swift */; };
		BF20612228B1194E00F0915C /* ViewController.swift in Sources */ = {isa = PBXBuildFile; fileRef = BF20612128B1194E00F0915C /* ViewController.swift */; };
		BF20612528B1194E00F0915C /* Main.storyboard in Resources */ = {isa = PBXBuildFile; fileRef = BF20612328B1194E00F0915C /* Main.storyboard */; };
		BF20612728B1194F00F0915C /* Assets.xcassets in Resources */ = {isa = PBXBuildFile; fileRef = BF20612628B1194F00F0915C /* Assets.xcassets */; };
		BF20612A28B1194F00F0915C /* LaunchScreen.storyboard in Resources */ = {isa = PBXBuildFile; fileRef = BF20612828B1194F00F0915C /* LaunchScreen.storyboard */; };
/* End PBXBuildFile section */

/* Begin PBXContainerItemProxy section */
		5D57064A28EC777E00205839 /* PBXContainerItemProxy */ = {
			isa = PBXContainerItemProxy;
			containerPortal = BF20611228B1194E00F0915C /* Project object */;
			proxyType = 1;
			remoteGlobalIDString = BF20611928B1194E00F0915C;
			remoteInfo = "Movie-App-Group-7";
		};
/* End PBXContainerItemProxy section */

/* Begin PBXFileReference section */
		5D5474C728D31CD000F80C1E /* UIViewAndShimmering.swift */ = {isa = PBXFileReference; lastKnownFileType = sourcecode.swift; path = UIViewAndShimmering.swift; sourceTree = "<group>"; };
		5D5474CA28D34BA800F80C1E /* MovieList.swift */ = {isa = PBXFileReference; lastKnownFileType = sourcecode.swift; path = MovieList.swift; sourceTree = "<group>"; };
		5D57064628EC777E00205839 /* Movie-App-Group-7Tests.xctest */ = {isa = PBXFileReference; explicitFileType = wrapper.cfbundle; includeInIndex = 0; path = "Movie-App-Group-7Tests.xctest"; sourceTree = BUILT_PRODUCTS_DIR; };
		5D57064828EC777E00205839 /* Movie_App_Group_7Tests.swift */ = {isa = PBXFileReference; lastKnownFileType = sourcecode.swift; path = Movie_App_Group_7Tests.swift; sourceTree = "<group>"; };
		5D5A5B7128C868C700CFC1FA /* kfMovieList.swift */ = {isa = PBXFileReference; lastKnownFileType = sourcecode.swift; path = kfMovieList.swift; sourceTree = "<group>"; };
		5D5E702428F14DC40018A9CC /* MovieLoader.swift */ = {isa = PBXFileReference; lastKnownFileType = sourcecode.swift; path = MovieLoader.swift; sourceTree = "<group>"; };
		5D5E702628F163A10018A9CC /* AuthSingleton.swift */ = {isa = PBXFileReference; lastKnownFileType = sourcecode.swift; path = AuthSingleton.swift; sourceTree = "<group>"; };
		6BBBE80B28BE5CCB00A1B81E /* MovieListViewController.swift */ = {isa = PBXFileReference; lastKnownFileType = sourcecode.swift; path = MovieListViewController.swift; sourceTree = "<group>"; };
		6BC14DC528B866DB00BCB9D1 /* MovieDetails.xib */ = {isa = PBXFileReference; lastKnownFileType = file.xib; path = MovieDetails.xib; sourceTree = "<group>"; };
		6BC14DCB28B8919900BCB9D1 /* LoginController.swift */ = {isa = PBXFileReference; lastKnownFileType = sourcecode.swift; name = LoginController.swift; path = "../Movie-App-Group-7/LoginController.swift"; sourceTree = "<group>"; };
		6BC14DD228B8A76200BCB9D1 /* ProfilePageController.swift */ = {isa = PBXFileReference; lastKnownFileType = sourcecode.swift; path = ProfilePageController.swift; sourceTree = "<group>"; };
		6BEEA57C28B8E17900ACAE4E /* MovieListCell.swift */ = {isa = PBXFileReference; lastKnownFileType = sourcecode.swift; path = MovieListCell.swift; sourceTree = "<group>"; };
		6BEEA57D28B8E17A00ACAE4E /* MovieListCell.xib */ = {isa = PBXFileReference; lastKnownFileType = file.xib; path = MovieListCell.xib; sourceTree = "<group>"; };
		6BEEA58028B9108B00ACAE4E /* MovieDetails.swift */ = {isa = PBXFileReference; lastKnownFileType = sourcecode.swift; path = MovieDetails.swift; sourceTree = "<group>"; };
		BF20611A28B1194E00F0915C /* Movie-App-Group-7.app */ = {isa = PBXFileReference; explicitFileType = wrapper.application; includeInIndex = 0; path = "Movie-App-Group-7.app"; sourceTree = BUILT_PRODUCTS_DIR; };
		BF20611D28B1194E00F0915C /* AppDelegate.swift */ = {isa = PBXFileReference; lastKnownFileType = sourcecode.swift; path = AppDelegate.swift; sourceTree = "<group>"; };
		BF20611F28B1194E00F0915C /* SceneDelegate.swift */ = {isa = PBXFileReference; lastKnownFileType = sourcecode.swift; path = SceneDelegate.swift; sourceTree = "<group>"; };
		BF20612128B1194E00F0915C /* ViewController.swift */ = {isa = PBXFileReference; lastKnownFileType = sourcecode.swift; path = ViewController.swift; sourceTree = "<group>"; };
		BF20612428B1194E00F0915C /* Base */ = {isa = PBXFileReference; lastKnownFileType = file.storyboard; name = Base; path = Base.lproj/Main.storyboard; sourceTree = "<group>"; };
		BF20612628B1194F00F0915C /* Assets.xcassets */ = {isa = PBXFileReference; lastKnownFileType = folder.assetcatalog; path = Assets.xcassets; sourceTree = "<group>"; };
		BF20612928B1194F00F0915C /* Base */ = {isa = PBXFileReference; lastKnownFileType = file.storyboard; name = Base; path = Base.lproj/LaunchScreen.storyboard; sourceTree = "<group>"; };
		BF20612B28B1194F00F0915C /* Info.plist */ = {isa = PBXFileReference; lastKnownFileType = text.plist.xml; path = Info.plist; sourceTree = "<group>"; };
/* End PBXFileReference section */

/* Begin PBXFrameworksBuildPhase section */
		5D57064328EC777E00205839 /* Frameworks */ = {
			isa = PBXFrameworksBuildPhase;
			buildActionMask = 2147483647;
			files = (
			);
			runOnlyForDeploymentPostprocessing = 0;
		};
		BF20611728B1194E00F0915C /* Frameworks */ = {
			isa = PBXFrameworksBuildPhase;
			buildActionMask = 2147483647;
			files = (
				5D5A5B6E28C8618700CFC1FA /* Kingfisher in Frameworks */,
			);
			runOnlyForDeploymentPostprocessing = 0;
		};
/* End PBXFrameworksBuildPhase section */

/* Begin PBXGroup section */
		5D5474C628D31CB500F80C1E /* Extension */ = {
			isa = PBXGroup;
			children = (
				5D5474C728D31CD000F80C1E /* UIViewAndShimmering.swift */,
			);
			path = Extension;
			sourceTree = "<group>";
		};
		5D5474C928D34B9900F80C1E /* Data Model */ = {
			isa = PBXGroup;
			children = (
				5D5474CA28D34BA800F80C1E /* MovieList.swift */,
			);
			path = "Data Model";
			sourceTree = "<group>";
		};
		5D57064728EC777E00205839 /* Movie-App-Group-7Tests */ = {
			isa = PBXGroup;
			children = (
				5D57064828EC777E00205839 /* Movie_App_Group_7Tests.swift */,
			);
			path = "Movie-App-Group-7Tests";
			sourceTree = "<group>";
		};
		5D5A5B6228C8567900CFC1FA /* API */ = {
			isa = PBXGroup;
			children = (
				5D5A5B7128C868C700CFC1FA /* kfMovieList.swift */,
			);
			path = API;
			sourceTree = "<group>";
		};
		5DBAD58D28EF4A0400127369 /* AuthSingleton */ = {
			isa = PBXGroup;
			children = (
				5D5E702628F163A10018A9CC /* AuthSingleton.swift */,
			);
			path = AuthSingleton;
			sourceTree = "<group>";
		};
		6BC14DC828B8903200BCB9D1 /* StoryboardDesign */ = {
			isa = PBXGroup;
			children = (
				6BC14DCB28B8919900BCB9D1 /* LoginController.swift */,
				BF20612328B1194E00F0915C /* Main.storyboard */,
				6BEEA57C28B8E17900ACAE4E /* MovieListCell.swift */,
				6BEEA57D28B8E17A00ACAE4E /* MovieListCell.xib */,
			);
			path = StoryboardDesign;
			sourceTree = "<group>";
		};
		6BC14DCD28B8A21F00BCB9D1 /* TabBarController */ = {
			isa = PBXGroup;
			children = (
				6BBBE80B28BE5CCB00A1B81E /* MovieListViewController.swift */,
				5D5E702428F14DC40018A9CC /* MovieLoader.swift */,
				6BC14DD228B8A76200BCB9D1 /* ProfilePageController.swift */,
			);
			path = TabBarController;
			sourceTree = "<group>";
		};
		6BEEA58228B9109A00ACAE4E /* MovieDetails */ = {
			isa = PBXGroup;
			children = (
				6BEEA58028B9108B00ACAE4E /* MovieDetails.swift */,
				6BC14DC528B866DB00BCB9D1 /* MovieDetails.xib */,
			);
			path = MovieDetails;
			sourceTree = "<group>";
		};
		BF20611128B1194E00F0915C = {
			isa = PBXGroup;
			children = (
				5DBAD58D28EF4A0400127369 /* AuthSingleton */,
				5D5474C928D34B9900F80C1E /* Data Model */,
				5D5474C628D31CB500F80C1E /* Extension */,
				5D5A5B6228C8567900CFC1FA /* API */,
				6BEEA58228B9109A00ACAE4E /* MovieDetails */,
				6BC14DCD28B8A21F00BCB9D1 /* TabBarController */,
				6BC14DC828B8903200BCB9D1 /* StoryboardDesign */,
				BF20611C28B1194E00F0915C /* Movie-App-Group-7 */,
				5D57064728EC777E00205839 /* Movie-App-Group-7Tests */,
				BF20611B28B1194E00F0915C /* Products */,
			);
			sourceTree = "<group>";
		};
		BF20611B28B1194E00F0915C /* Products */ = {
			isa = PBXGroup;
			children = (
				BF20611A28B1194E00F0915C /* Movie-App-Group-7.app */,
				5D57064628EC777E00205839 /* Movie-App-Group-7Tests.xctest */,
			);
			name = Products;
			sourceTree = "<group>";
		};
		BF20611C28B1194E00F0915C /* Movie-App-Group-7 */ = {
			isa = PBXGroup;
			children = (
				BF20611D28B1194E00F0915C /* AppDelegate.swift */,
				BF20611F28B1194E00F0915C /* SceneDelegate.swift */,
				BF20612128B1194E00F0915C /* ViewController.swift */,
				BF20612628B1194F00F0915C /* Assets.xcassets */,
				BF20612828B1194F00F0915C /* LaunchScreen.storyboard */,
				BF20612B28B1194F00F0915C /* Info.plist */,
			);
			path = "Movie-App-Group-7";
			sourceTree = "<group>";
		};
/* End PBXGroup section */

/* Begin PBXNativeTarget section */
		5D57064528EC777E00205839 /* Movie-App-Group-7Tests */ = {
			isa = PBXNativeTarget;
			buildConfigurationList = 5D57064C28EC777E00205839 /* Build configuration list for PBXNativeTarget "Movie-App-Group-7Tests" */;
			buildPhases = (
				5D57064228EC777E00205839 /* Sources */,
				5D57064328EC777E00205839 /* Frameworks */,
				5D57064428EC777E00205839 /* Resources */,
			);
			buildRules = (
			);
			dependencies = (
				5D57064B28EC777E00205839 /* PBXTargetDependency */,
			);
			name = "Movie-App-Group-7Tests";
			productName = "Movie-App-Group-7Tests";
			productReference = 5D57064628EC777E00205839 /* Movie-App-Group-7Tests.xctest */;
			productType = "com.apple.product-type.bundle.unit-test";
		};
		BF20611928B1194E00F0915C /* Movie-App-Group-7 */ = {
			isa = PBXNativeTarget;
			buildConfigurationList = BF20612E28B1194F00F0915C /* Build configuration list for PBXNativeTarget "Movie-App-Group-7" */;
			buildPhases = (
				BF20611628B1194E00F0915C /* Sources */,
				BF20611728B1194E00F0915C /* Frameworks */,
				BF20611828B1194E00F0915C /* Resources */,
			);
			buildRules = (
			);
			dependencies = (
			);
			name = "Movie-App-Group-7";
			packageProductDependencies = (
				5D5A5B6D28C8618700CFC1FA /* Kingfisher */,
			);
			productName = "Movie-App-Group-7";
			productReference = BF20611A28B1194E00F0915C /* Movie-App-Group-7.app */;
			productType = "com.apple.product-type.application";
		};
/* End PBXNativeTarget section */

/* Begin PBXProject section */
		BF20611228B1194E00F0915C /* Project object */ = {
			isa = PBXProject;
			attributes = {
				BuildIndependentTargetsInParallel = 1;
				LastSwiftUpdateCheck = 1400;
				LastUpgradeCheck = 1330;
				TargetAttributes = {
					5D57064528EC777E00205839 = {
						CreatedOnToolsVersion = 14.0.1;
						TestTargetID = BF20611928B1194E00F0915C;
					};
					BF20611928B1194E00F0915C = {
						CreatedOnToolsVersion = 13.3.1;
					};
				};
			};
			buildConfigurationList = BF20611528B1194E00F0915C /* Build configuration list for PBXProject "Movie-App-Group-7" */;
			compatibilityVersion = "Xcode 13.0";
			developmentRegion = en;
			hasScannedForEncodings = 0;
			knownRegions = (
				en,
				Base,
			);
			mainGroup = BF20611128B1194E00F0915C;
			packageReferences = (
				5D5A5B6C28C8618700CFC1FA /* XCRemoteSwiftPackageReference "Kingfisher" */,
			);
			productRefGroup = BF20611B28B1194E00F0915C /* Products */;
			projectDirPath = "";
			projectRoot = "";
			targets = (
				BF20611928B1194E00F0915C /* Movie-App-Group-7 */,
				5D57064528EC777E00205839 /* Movie-App-Group-7Tests */,
			);
		};
/* End PBXProject section */

/* Begin PBXResourcesBuildPhase section */
		5D57064428EC777E00205839 /* Resources */ = {
			isa = PBXResourcesBuildPhase;
			buildActionMask = 2147483647;
			files = (
			);
			runOnlyForDeploymentPostprocessing = 0;
		};
		BF20611828B1194E00F0915C /* Resources */ = {
			isa = PBXResourcesBuildPhase;
			buildActionMask = 2147483647;
			files = (
				BF20612A28B1194F00F0915C /* LaunchScreen.storyboard in Resources */,
				BF20612728B1194F00F0915C /* Assets.xcassets in Resources */,
				BF20612528B1194E00F0915C /* Main.storyboard in Resources */,
				6BEEA57F28B8E17A00ACAE4E /* MovieListCell.xib in Resources */,
				6BC14DC628B866DC00BCB9D1 /* MovieDetails.xib in Resources */,
			);
			runOnlyForDeploymentPostprocessing = 0;
		};
/* End PBXResourcesBuildPhase section */

/* Begin PBXSourcesBuildPhase section */
		5D57064228EC777E00205839 /* Sources */ = {
			isa = PBXSourcesBuildPhase;
			buildActionMask = 2147483647;
			files = (
				5D57064928EC777E00205839 /* Movie_App_Group_7Tests.swift in Sources */,
			);
			runOnlyForDeploymentPostprocessing = 0;
		};
		BF20611628B1194E00F0915C /* Sources */ = {
			isa = PBXSourcesBuildPhase;
			buildActionMask = 2147483647;
			files = (
				6BC14DD328B8A76300BCB9D1 /* ProfilePageController.swift in Sources */,
				5D5A5B7228C868C700CFC1FA /* kfMovieList.swift in Sources */,
				5D5E702728F163A10018A9CC /* AuthSingleton.swift in Sources */,
				BF20612228B1194E00F0915C /* ViewController.swift in Sources */,
				6BEEA58128B9108C00ACAE4E /* MovieDetails.swift in Sources */,
				5D5474C828D31CD000F80C1E /* UIViewAndShimmering.swift in Sources */,
				5D5474CB28D34BA800F80C1E /* MovieList.swift in Sources */,
				6BC14DCC28B8919900BCB9D1 /* LoginController.swift in Sources */,
				BF20611E28B1194E00F0915C /* AppDelegate.swift in Sources */,
				6BBBE80C28BE5CCC00A1B81E /* MovieListViewController.swift in Sources */,
				6BEEA57E28B8E17A00ACAE4E /* MovieListCell.swift in Sources */,
				BF20612028B1194E00F0915C /* SceneDelegate.swift in Sources */,
				5D5E702528F14DC40018A9CC /* MovieLoader.swift in Sources */,
			);
			runOnlyForDeploymentPostprocessing = 0;
		};
/* End PBXSourcesBuildPhase section */

/* Begin PBXTargetDependency section */
		5D57064B28EC777E00205839 /* PBXTargetDependency */ = {
			isa = PBXTargetDependency;
			target = BF20611928B1194E00F0915C /* Movie-App-Group-7 */;
			targetProxy = 5D57064A28EC777E00205839 /* PBXContainerItemProxy */;
		};
/* End PBXTargetDependency section */

/* Begin PBXVariantGroup section */
		BF20612328B1194E00F0915C /* Main.storyboard */ = {
			isa = PBXVariantGroup;
			children = (
				BF20612428B1194E00F0915C /* Base */,
			);
			name = Main.storyboard;
			sourceTree = "<group>";
		};
		BF20612828B1194F00F0915C /* LaunchScreen.storyboard */ = {
			isa = PBXVariantGroup;
			children = (
				BF20612928B1194F00F0915C /* Base */,
			);
			name = LaunchScreen.storyboard;
			sourceTree = "<group>";
		};
/* End PBXVariantGroup section */

/* Begin XCBuildConfiguration section */
		5D57064D28EC777E00205839 /* Debug */ = {
			isa = XCBuildConfiguration;
			buildSettings = {
				BUNDLE_LOADER = "$(TEST_HOST)";
				CLANG_CXX_LANGUAGE_STANDARD = "gnu++20";
				CODE_SIGN_STYLE = Automatic;
				CURRENT_PROJECT_VERSION = 1;
				GENERATE_INFOPLIST_FILE = YES;
				IPHONEOS_DEPLOYMENT_TARGET = 16.0;
				MARKETING_VERSION = 1.0;
				PRODUCT_BUNDLE_IDENTIFIER = "me.waskito.novanagung.Movie-App-Group-7Tests";
				PRODUCT_NAME = "$(TARGET_NAME)";
				SWIFT_EMIT_LOC_STRINGS = NO;
				SWIFT_VERSION = 5.0;
				TARGETED_DEVICE_FAMILY = "1,2";
				TEST_HOST = "$(BUILT_PRODUCTS_DIR)/Movie-App-Group-7.app/$(BUNDLE_EXECUTABLE_FOLDER_PATH)/Movie-App-Group-7";
			};
			name = Debug;
		};
		5D57064E28EC777E00205839 /* Release */ = {
			isa = XCBuildConfiguration;
			buildSettings = {
				BUNDLE_LOADER = "$(TEST_HOST)";
				CLANG_CXX_LANGUAGE_STANDARD = "gnu++20";
				CODE_SIGN_STYLE = Automatic;
				CURRENT_PROJECT_VERSION = 1;
				GENERATE_INFOPLIST_FILE = YES;
				IPHONEOS_DEPLOYMENT_TARGET = 16.0;
				MARKETING_VERSION = 1.0;
				PRODUCT_BUNDLE_IDENTIFIER = "me.waskito.novanagung.Movie-App-Group-7Tests";
				PRODUCT_NAME = "$(TARGET_NAME)";
				SWIFT_EMIT_LOC_STRINGS = NO;
				SWIFT_VERSION = 5.0;
				TARGETED_DEVICE_FAMILY = "1,2";
				TEST_HOST = "$(BUILT_PRODUCTS_DIR)/Movie-App-Group-7.app/$(BUNDLE_EXECUTABLE_FOLDER_PATH)/Movie-App-Group-7";
			};
			name = Release;
		};
		BF20612C28B1194F00F0915C /* Debug */ = {
			isa = XCBuildConfiguration;
			buildSettings = {
				ALWAYS_SEARCH_USER_PATHS = NO;
				CLANG_ANALYZER_NONNULL = YES;
				CLANG_ANALYZER_NUMBER_OBJECT_CONVERSION = YES_AGGRESSIVE;
				CLANG_CXX_LANGUAGE_STANDARD = "gnu++17";
				CLANG_ENABLE_MODULES = YES;
				CLANG_ENABLE_OBJC_ARC = YES;
				CLANG_ENABLE_OBJC_WEAK = YES;
				CLANG_WARN_BLOCK_CAPTURE_AUTORELEASING = YES;
				CLANG_WARN_BOOL_CONVERSION = YES;
				CLANG_WARN_COMMA = YES;
				CLANG_WARN_CONSTANT_CONVERSION = YES;
				CLANG_WARN_DEPRECATED_OBJC_IMPLEMENTATIONS = YES;
				CLANG_WARN_DIRECT_OBJC_ISA_USAGE = YES_ERROR;
				CLANG_WARN_DOCUMENTATION_COMMENTS = YES;
				CLANG_WARN_EMPTY_BODY = YES;
				CLANG_WARN_ENUM_CONVERSION = YES;
				CLANG_WARN_INFINITE_RECURSION = YES;
				CLANG_WARN_INT_CONVERSION = YES;
				CLANG_WARN_NON_LITERAL_NULL_CONVERSION = YES;
				CLANG_WARN_OBJC_IMPLICIT_RETAIN_SELF = YES;
				CLANG_WARN_OBJC_LITERAL_CONVERSION = YES;
				CLANG_WARN_OBJC_ROOT_CLASS = YES_ERROR;
				CLANG_WARN_QUOTED_INCLUDE_IN_FRAMEWORK_HEADER = YES;
				CLANG_WARN_RANGE_LOOP_ANALYSIS = YES;
				CLANG_WARN_STRICT_PROTOTYPES = YES;
				CLANG_WARN_SUSPICIOUS_MOVE = YES;
				CLANG_WARN_UNGUARDED_AVAILABILITY = YES_AGGRESSIVE;
				CLANG_WARN_UNREACHABLE_CODE = YES;
				CLANG_WARN__DUPLICATE_METHOD_MATCH = YES;
				COPY_PHASE_STRIP = NO;
				DEBUG_INFORMATION_FORMAT = dwarf;
				ENABLE_STRICT_OBJC_MSGSEND = YES;
				ENABLE_TESTABILITY = YES;
				GCC_C_LANGUAGE_STANDARD = gnu11;
				GCC_DYNAMIC_NO_PIC = NO;
				GCC_NO_COMMON_BLOCKS = YES;
				GCC_OPTIMIZATION_LEVEL = 0;
				GCC_PREPROCESSOR_DEFINITIONS = (
					"DEBUG=1",
					"$(inherited)",
				);
				GCC_WARN_64_TO_32_BIT_CONVERSION = YES;
				GCC_WARN_ABOUT_RETURN_TYPE = YES_ERROR;
				GCC_WARN_UNDECLARED_SELECTOR = YES;
				GCC_WARN_UNINITIALIZED_AUTOS = YES_AGGRESSIVE;
				GCC_WARN_UNUSED_FUNCTION = YES;
				GCC_WARN_UNUSED_VARIABLE = YES;
				IPHONEOS_DEPLOYMENT_TARGET = 15.0;
				MTL_ENABLE_DEBUG_INFO = INCLUDE_SOURCE;
				MTL_FAST_MATH = YES;
				ONLY_ACTIVE_ARCH = YES;
				SDKROOT = iphoneos;
				SWIFT_ACTIVE_COMPILATION_CONDITIONS = DEBUG;
				SWIFT_OPTIMIZATION_LEVEL = "-Onone";
			};
			name = Debug;
		};
		BF20612D28B1194F00F0915C /* Release */ = {
			isa = XCBuildConfiguration;
			buildSettings = {
				ALWAYS_SEARCH_USER_PATHS = NO;
				CLANG_ANALYZER_NONNULL = YES;
				CLANG_ANALYZER_NUMBER_OBJECT_CONVERSION = YES_AGGRESSIVE;
				CLANG_CXX_LANGUAGE_STANDARD = "gnu++17";
				CLANG_ENABLE_MODULES = YES;
				CLANG_ENABLE_OBJC_ARC = YES;
				CLANG_ENABLE_OBJC_WEAK = YES;
				CLANG_WARN_BLOCK_CAPTURE_AUTORELEASING = YES;
				CLANG_WARN_BOOL_CONVERSION = YES;
				CLANG_WARN_COMMA = YES;
				CLANG_WARN_CONSTANT_CONVERSION = YES;
				CLANG_WARN_DEPRECATED_OBJC_IMPLEMENTATIONS = YES;
				CLANG_WARN_DIRECT_OBJC_ISA_USAGE = YES_ERROR;
				CLANG_WARN_DOCUMENTATION_COMMENTS = YES;
				CLANG_WARN_EMPTY_BODY = YES;
				CLANG_WARN_ENUM_CONVERSION = YES;
				CLANG_WARN_INFINITE_RECURSION = YES;
				CLANG_WARN_INT_CONVERSION = YES;
				CLANG_WARN_NON_LITERAL_NULL_CONVERSION = YES;
				CLANG_WARN_OBJC_IMPLICIT_RETAIN_SELF = YES;
				CLANG_WARN_OBJC_LITERAL_CONVERSION = YES;
				CLANG_WARN_OBJC_ROOT_CLASS = YES_ERROR;
				CLANG_WARN_QUOTED_INCLUDE_IN_FRAMEWORK_HEADER = YES;
				CLANG_WARN_RANGE_LOOP_ANALYSIS = YES;
				CLANG_WARN_STRICT_PROTOTYPES = YES;
				CLANG_WARN_SUSPICIOUS_MOVE = YES;
				CLANG_WARN_UNGUARDED_AVAILABILITY = YES_AGGRESSIVE;
				CLANG_WARN_UNREACHABLE_CODE = YES;
				CLANG_WARN__DUPLICATE_METHOD_MATCH = YES;
				COPY_PHASE_STRIP = NO;
				DEBUG_INFORMATION_FORMAT = "dwarf-with-dsym";
				ENABLE_NS_ASSERTIONS = NO;
				ENABLE_STRICT_OBJC_MSGSEND = YES;
				GCC_C_LANGUAGE_STANDARD = gnu11;
				GCC_NO_COMMON_BLOCKS = YES;
				GCC_WARN_64_TO_32_BIT_CONVERSION = YES;
				GCC_WARN_ABOUT_RETURN_TYPE = YES_ERROR;
				GCC_WARN_UNDECLARED_SELECTOR = YES;
				GCC_WARN_UNINITIALIZED_AUTOS = YES_AGGRESSIVE;
				GCC_WARN_UNUSED_FUNCTION = YES;
				GCC_WARN_UNUSED_VARIABLE = YES;
				IPHONEOS_DEPLOYMENT_TARGET = 15.0;
				MTL_ENABLE_DEBUG_INFO = NO;
				MTL_FAST_MATH = YES;
				SDKROOT = iphoneos;
				SWIFT_COMPILATION_MODE = wholemodule;
				SWIFT_OPTIMIZATION_LEVEL = "-O";
				VALIDATE_PRODUCT = YES;
			};
			name = Release;
		};
		BF20612F28B1194F00F0915C /* Debug */ = {
			isa = XCBuildConfiguration;
			buildSettings = {
				ASSETCATALOG_COMPILER_APPICON_NAME = AppIcon;
				ASSETCATALOG_COMPILER_GLOBAL_ACCENT_COLOR_NAME = AccentColor;
				CODE_SIGN_STYLE = Automatic;
				CURRENT_PROJECT_VERSION = 1;
				DEVELOPMENT_TEAM = 2QT8736XGK;
				GENERATE_INFOPLIST_FILE = YES;
				INFOPLIST_FILE = "Movie-App-Group-7/Info.plist";
				INFOPLIST_KEY_UIApplicationSupportsIndirectInputEvents = YES;
				INFOPLIST_KEY_UILaunchStoryboardName = LaunchScreen;
				INFOPLIST_KEY_UIMainStoryboardFile = Main;
				INFOPLIST_KEY_UISupportedInterfaceOrientations_iPad = "UIInterfaceOrientationPortrait UIInterfaceOrientationPortraitUpsideDown UIInterfaceOrientationLandscapeLeft UIInterfaceOrientationLandscapeRight";
				INFOPLIST_KEY_UISupportedInterfaceOrientations_iPhone = "UIInterfaceOrientationPortrait UIInterfaceOrientationLandscapeLeft UIInterfaceOrientationLandscapeRight";
				LD_RUNPATH_SEARCH_PATHS = (
					"$(inherited)",
					"@executable_path/Frameworks",
				);
				MARKETING_VERSION = 1.0;
				PRODUCT_BUNDLE_IDENTIFIER = "com.funios.Movie-App-Group-7";
				PRODUCT_NAME = "$(TARGET_NAME)";
				SWIFT_EMIT_LOC_STRINGS = YES;
				SWIFT_VERSION = 5.0;
				TARGETED_DEVICE_FAMILY = "1,2";
			};
			name = Debug;
		};
		BF20613028B1194F00F0915C /* Release */ = {
			isa = XCBuildConfiguration;
			buildSettings = {
				ASSETCATALOG_COMPILER_APPICON_NAME = AppIcon;
				ASSETCATALOG_COMPILER_GLOBAL_ACCENT_COLOR_NAME = AccentColor;
				CODE_SIGN_STYLE = Automatic;
				CURRENT_PROJECT_VERSION = 1;
				DEVELOPMENT_TEAM = 2QT8736XGK;
				GENERATE_INFOPLIST_FILE = YES;
				INFOPLIST_FILE = "Movie-App-Group-7/Info.plist";
				INFOPLIST_KEY_UIApplicationSupportsIndirectInputEvents = YES;
				INFOPLIST_KEY_UILaunchStoryboardName = LaunchScreen;
				INFOPLIST_KEY_UIMainStoryboardFile = Main;
				INFOPLIST_KEY_UISupportedInterfaceOrientations_iPad = "UIInterfaceOrientationPortrait UIInterfaceOrientationPortraitUpsideDown UIInterfaceOrientationLandscapeLeft UIInterfaceOrientationLandscapeRight";
				INFOPLIST_KEY_UISupportedInterfaceOrientations_iPhone = "UIInterfaceOrientationPortrait UIInterfaceOrientationLandscapeLeft UIInterfaceOrientationLandscapeRight";
				LD_RUNPATH_SEARCH_PATHS = (
					"$(inherited)",
					"@executable_path/Frameworks",
				);
				MARKETING_VERSION = 1.0;
				PRODUCT_BUNDLE_IDENTIFIER = "com.funios.Movie-App-Group-7";
				PRODUCT_NAME = "$(TARGET_NAME)";
				SWIFT_EMIT_LOC_STRINGS = YES;
				SWIFT_VERSION = 5.0;
				TARGETED_DEVICE_FAMILY = "1,2";
			};
			name = Release;
		};
/* End XCBuildConfiguration section */

/* Begin XCConfigurationList section */
		5D57064C28EC777E00205839 /* Build configuration list for PBXNativeTarget "Movie-App-Group-7Tests" */ = {
			isa = XCConfigurationList;
			buildConfigurations = (
				5D57064D28EC777E00205839 /* Debug */,
				5D57064E28EC777E00205839 /* Release */,
			);
			defaultConfigurationIsVisible = 0;
			defaultConfigurationName = Release;
		};
		BF20611528B1194E00F0915C /* Build configuration list for PBXProject "Movie-App-Group-7" */ = {
			isa = XCConfigurationList;
			buildConfigurations = (
				BF20612C28B1194F00F0915C /* Debug */,
				BF20612D28B1194F00F0915C /* Release */,
			);
			defaultConfigurationIsVisible = 0;
			defaultConfigurationName = Release;
		};
		BF20612E28B1194F00F0915C /* Build configuration list for PBXNativeTarget "Movie-App-Group-7" */ = {
			isa = XCConfigurationList;
			buildConfigurations = (
				BF20612F28B1194F00F0915C /* Debug */,
				BF20613028B1194F00F0915C /* Release */,
			);
			defaultConfigurationIsVisible = 0;
			defaultConfigurationName = Release;
		};
/* End XCConfigurationList section */

/* Begin XCRemoteSwiftPackageReference section */
		5D5A5B6C28C8618700CFC1FA /* XCRemoteSwiftPackageReference "Kingfisher" */ = {
			isa = XCRemoteSwiftPackageReference;
			repositoryURL = "https://github.com/onevcat/Kingfisher.git";
			requirement = {
				branch = master;
				kind = branch;
			};
		};
/* End XCRemoteSwiftPackageReference section */

/* Begin XCSwiftPackageProductDependency section */
		5D5A5B6D28C8618700CFC1FA /* Kingfisher */ = {
			isa = XCSwiftPackageProductDependency;
			package = 5D5A5B6C28C8618700CFC1FA /* XCRemoteSwiftPackageReference "Kingfisher" */;
			productName = Kingfisher;
		};
/* End XCSwiftPackageProductDependency section */
	};
	rootObject = BF20611228B1194E00F0915C /* Project object */;
}
